
Microsoft Visual Studio Solution File, Format Version 12.00
# Visual Studio Version 17
VisualStudioVersion = 17.13.35806.99
MinimumVisualStudioVersion = 10.0.40219.1
Project("{2150E333-8FDC-42A3-9474-1A3956D46DE8}") = "Infrastructures", "Infrastructures", "{02EA681E-C7D8-13C7-8484-4AC65E1B71E8}"
EndProject
Project("{2150E333-8FDC-42A3-9474-1A3956D46DE8}") = "UnitTesting", "UnitTesting", "{3ED1CCEC-8147-4111-AC7D-9D43C3EAFCCA}"
EndProject
Project("{9A19103F-16F7-4668-BE54-9A1E7A4F7556}") = "Andux.Core.Testing", "src\UnitTesting\Axion.Core.Testing\Andux.Core.Testing.csproj", "{398FD30B-2D2D-4091-879B-0CC24CE18354}"
EndProject
Project("{9A19103F-16F7-4668-BE54-9A1E7A4F7556}") = "Andux.Core.Redis", "src\Infrastructures\Andux.Core.Redis\Andux.Core.Redis.csproj", "{FA0897D4-4480-4AFE-8BCE-00C9265E52E9}"
EndProject
Project("{9A19103F-16F7-4668-BE54-9A1E7A4F7556}") = "Andux.Core.Logger", "src\Infrastructures\Andux.Core.Logger\Andux.Core.Logger.csproj", "{1F2C9A9A-D786-479A-8E2C-EB6C0A59A15E}"
EndProject
Project("{2150E333-8FDC-42A3-9474-1A3956D46DE8}") = "Common", "Common", "{D3D10FBF-DF03-4202-A239-559F1C89B97B}"
EndProject
Project("{9A19103F-16F7-4668-BE54-9A1E7A4F7556}") = "Andux.Core.Common", "src\Common\Andux.Core.Common\Andux.Core.Common.csproj", "{5B0EA0FB-1C5E-47EA-8951-BF8EFDE6D136}"
EndProject
Project("{9A19103F-16F7-4668-BE54-9A1E7A4F7556}") = "Andux.Core.EfTrack", "src\Infrastructures\Andux.Core.EfTrack\Andux.Core.EfTrack.csproj", "{45842A57-CD80-4DE9-B160-9025F2A929BB}"
EndProject
Project("{9A19103F-16F7-4668-BE54-9A1E7A4F7556}") = "Andux.Core.RabbitMQ", "src\Infrastructures\Andux.Core.RabbitMQ\Andux.Core.RabbitMQ.csproj", "{226135D4-99E1-4BC7-9C44-6B069566659E}"
EndProject
Project("{9A19103F-16F7-4668-BE54-9A1E7A4F7556}") = "GrpcDemo", "src\UnitTesting\GrpcDemo\GrpcDemo.csproj", "{1F18A862-F3A4-4B7A-96EA-1A8504EE757D}"
EndProject
Project("{FAE04EC0-301F-11D3-BF4B-00C04F79EFBC}") = "Andux.Core.EventBus", "src\Infrastructures\Andux.Core.EventBus\Andux.Core.EventBus.csproj", "{FE8F89C9-57B0-45D3-8B7C-B7E9DE21E812}"
EndProject
Project("{9A19103F-16F7-4668-BE54-9A1E7A4F7556}") = "Andux.Core.Extensions", "src\Infrastructures\Andux.Core.Extensions\Andux.Core.Extensions.csproj", "{95286649-0B22-4A69-BFF6-ABBCAA13318B}"
EndProject
Project("{9A19103F-16F7-4668-BE54-9A1E7A4F7556}") = "Andux.Core.Helper", "src\Infrastructures\Andux.Core.Helper\Andux.Core.Helper.csproj", "{A3ACA531-8C7B-4949-8F22-547E5DB1027D}"
EndProject
Project("{FAE04EC0-301F-11D3-BF4B-00C04F79EFBC}") = "Andux.Core.SignalR", "src\Infrastructures\Andux.Core.SignalR\Andux.Core.SignalR.csproj", "{159FEC4A-FEB4-44D4-810A-33517AF41D9F}"
EndProject
Project("{FAE04EC0-301F-11D3-BF4B-00C04F79EFBC}") = "Andux.Core.Testing2", "src\UnitTesting\Andux.Core.Testing2\Andux.Core.Testing2.csproj", "{0CE6B836-D410-40D9-AF7B-B8CE7C880EC8}"
EndProject
Global
	GlobalSection(SolutionConfigurationPlatforms) = preSolution
		Debug|Any CPU = Debug|Any CPU
		Release|Any CPU = Release|Any CPU
	EndGlobalSection
	GlobalSection(ProjectConfigurationPlatforms) = postSolution
		{398FD30B-2D2D-4091-879B-0CC24CE18354}.Debug|Any CPU.ActiveCfg = Debug|Any CPU
		{398FD30B-2D2D-4091-879B-0CC24CE18354}.Debug|Any CPU.Build.0 = Debug|Any CPU
		{398FD30B-2D2D-4091-879B-0CC24CE18354}.Release|Any CPU.ActiveCfg = Release|Any CPU
		{398FD30B-2D2D-4091-879B-0CC24CE18354}.Release|Any CPU.Build.0 = Release|Any CPU
		{FA0897D4-4480-4AFE-8BCE-00C9265E52E9}.Debug|Any CPU.ActiveCfg = Debug|Any CPU
		{FA0897D4-4480-4AFE-8BCE-00C9265E52E9}.Debug|Any CPU.Build.0 = Debug|Any CPU
		{FA0897D4-4480-4AFE-8BCE-00C9265E52E9}.Release|Any CPU.ActiveCfg = Release|Any CPU
		{FA0897D4-4480-4AFE-8BCE-00C9265E52E9}.Release|Any CPU.Build.0 = Release|Any CPU
		{1F2C9A9A-D786-479A-8E2C-EB6C0A59A15E}.Debug|Any CPU.ActiveCfg = Debug|Any CPU
		{1F2C9A9A-D786-479A-8E2C-EB6C0A59A15E}.Debug|Any CPU.Build.0 = Debug|Any CPU
		{1F2C9A9A-D786-479A-8E2C-EB6C0A59A15E}.Release|Any CPU.ActiveCfg = Release|Any CPU
		{1F2C9A9A-D786-479A-8E2C-EB6C0A59A15E}.Release|Any CPU.Build.0 = Release|Any CPU
		{5B0EA0FB-1C5E-47EA-8951-BF8EFDE6D136}.Debug|Any CPU.ActiveCfg = Debug|Any CPU
		{5B0EA0FB-1C5E-47EA-8951-BF8EFDE6D136}.Debug|Any CPU.Build.0 = Debug|Any CPU
		{5B0EA0FB-1C5E-47EA-8951-BF8EFDE6D136}.Release|Any CPU.ActiveCfg = Release|Any CPU
		{5B0EA0FB-1C5E-47EA-8951-BF8EFDE6D136}.Release|Any CPU.Build.0 = Release|Any CPU
		{45842A57-CD80-4DE9-B160-9025F2A929BB}.Debug|Any CPU.ActiveCfg = Debug|Any CPU
		{45842A57-CD80-4DE9-B160-9025F2A929BB}.Debug|Any CPU.Build.0 = Debug|Any CPU
		{45842A57-CD80-4DE9-B160-9025F2A929BB}.Release|Any CPU.ActiveCfg = Release|Any CPU
		{45842A57-CD80-4DE9-B160-9025F2A929BB}.Release|Any CPU.Build.0 = Release|Any CPU
		{226135D4-99E1-4BC7-9C44-6B069566659E}.Debug|Any CPU.ActiveCfg = Debug|Any CPU
		{226135D4-99E1-4BC7-9C44-6B069566659E}.Debug|Any CPU.Build.0 = Debug|Any CPU
		{226135D4-99E1-4BC7-9C44-6B069566659E}.Release|Any CPU.ActiveCfg = Release|Any CPU
		{226135D4-99E1-4BC7-9C44-6B069566659E}.Release|Any CPU.Build.0 = Release|Any CPU
		{1F18A862-F3A4-4B7A-96EA-1A8504EE757D}.Debug|Any CPU.ActiveCfg = Debug|Any CPU
		{1F18A862-F3A4-4B7A-96EA-1A8504EE757D}.Debug|Any CPU.Build.0 = Debug|Any CPU
		{1F18A862-F3A4-4B7A-96EA-1A8504EE757D}.Release|Any CPU.ActiveCfg = Release|Any CPU
		{1F18A862-F3A4-4B7A-96EA-1A8504EE757D}.Release|Any CPU.Build.0 = Release|Any CPU
		{FE8F89C9-57B0-45D3-8B7C-B7E9DE21E812}.Debug|Any CPU.ActiveCfg = Debug|Any CPU
		{FE8F89C9-57B0-45D3-8B7C-B7E9DE21E812}.Debug|Any CPU.Build.0 = Debug|Any CPU
		{FE8F89C9-57B0-45D3-8B7C-B7E9DE21E812}.Release|Any CPU.ActiveCfg = Release|Any CPU
		{FE8F89C9-57B0-45D3-8B7C-B7E9DE21E812}.Release|Any CPU.Build.0 = Release|Any CPU
		{95286649-0B22-4A69-BFF6-ABBCAA13318B}.Debug|Any CPU.ActiveCfg = Debug|Any CPU
		{95286649-0B22-4A69-BFF6-ABBCAA13318B}.Debug|Any CPU.Build.0 = Debug|Any CPU
		{95286649-0B22-4A69-BFF6-ABBCAA13318B}.Release|Any CPU.ActiveCfg = Release|Any CPU
		{95286649-0B22-4A69-BFF6-ABBCAA13318B}.Release|Any CPU.Build.0 = Release|Any CPU
		{A3ACA531-8C7B-4949-8F22-547E5DB1027D}.Debug|Any CPU.ActiveCfg = Debug|Any CPU
		{A3ACA531-8C7B-4949-8F22-547E5DB1027D}.Debug|Any CPU.Build.0 = Debug|Any CPU
		{A3ACA531-8C7B-4949-8F22-547E5DB1027D}.Release|Any CPU.ActiveCfg = Release|Any CPU
		{A3ACA531-8C7B-4949-8F22-547E5DB1027D}.Release|Any CPU.Build.0 = Release|Any CPU
		{159FEC4A-FEB4-44D4-810A-33517AF41D9F}.Debug|Any CPU.ActiveCfg = Debug|Any CPU
		{159FEC4A-FEB4-44D4-810A-33517AF41D9F}.Debug|Any CPU.Build.0 = Debug|Any CPU
		{159FEC4A-FEB4-44D4-810A-33517AF41D9F}.Release|Any CPU.ActiveCfg = Release|Any CPU
		{159FEC4A-FEB4-44D4-810A-33517AF41D9F}.Release|Any CPU.Build.0 = Release|Any CPU
		{0CE6B836-D410-40D9-AF7B-B8CE7C880EC8}.Debug|Any CPU.ActiveCfg = Debug|Any CPU
		{0CE6B836-D410-40D9-AF7B-B8CE7C880EC8}.Debug|Any CPU.Build.0 = Debug|Any CPU
		{0CE6B836-D410-40D9-AF7B-B8CE7C880EC8}.Release|Any CPU.ActiveCfg = Release|Any CPU
		{0CE6B836-D410-40D9-AF7B-B8CE7C880EC8}.Release|Any CPU.Build.0 = Release|Any CPU
	EndGlobalSection
	GlobalSection(SolutionProperties) = preSolution
		HideSolutionNode = FALSE
	EndGlobalSection
	GlobalSection(NestedProjects) = preSolution
		{398FD30B-2D2D-4091-879B-0CC24CE18354} = {3ED1CCEC-8147-4111-AC7D-9D43C3EAFCCA}
		{FA0897D4-4480-4AFE-8BCE-00C9265E52E9} = {02EA681E-C7D8-13C7-8484-4AC65E1B71E8}
		{1F2C9A9A-D786-479A-8E2C-EB6C0A59A15E} = {02EA681E-C7D8-13C7-8484-4AC65E1B71E8}
		{5B0EA0FB-1C5E-47EA-8951-BF8EFDE6D136} = {D3D10FBF-DF03-4202-A239-559F1C89B97B}
		{45842A57-CD80-4DE9-B160-9025F2A929BB} = {02EA681E-C7D8-13C7-8484-4AC65E1B71E8}
		{226135D4-99E1-4BC7-9C44-6B069566659E} = {02EA681E-C7D8-13C7-8484-4AC65E1B71E8}
		{1F18A862-F3A4-4B7A-96EA-1A8504EE757D} = {3ED1CCEC-8147-4111-AC7D-9D43C3EAFCCA}
		{FE8F89C9-57B0-45D3-8B7C-B7E9DE21E812} = {02EA681E-C7D8-13C7-8484-4AC65E1B71E8}
		{95286649-0B22-4A69-BFF6-ABBCAA13318B} = {02EA681E-C7D8-13C7-8484-4AC65E1B71E8}
		{A3ACA531-8C7B-4949-8F22-547E5DB1027D} = {02EA681E-C7D8-13C7-8484-4AC65E1B71E8}
		{159FEC4A-FEB4-44D4-810A-33517AF41D9F} = {02EA681E-C7D8-13C7-8484-4AC65E1B71E8}
		{0CE6B836-D410-40D9-AF7B-B8CE7C880EC8} = {3ED1CCEC-8147-4111-AC7D-9D43C3EAFCCA}
	EndGlobalSection
	GlobalSection(ExtensibilityGlobals) = postSolution
		SolutionGuid = {5EB6281E-01BB-4320-8143-30ED12871150}
	EndGlobalSection
EndGlobal
